
Microsoft Visual Studio Solution File, Format Version 12.00
# Visual Studio Version 16
VisualStudioVersion = 16.0.32901.82
MinimumVisualStudioVersion = 10.0.40219.1
Project("{8BC9CEB8-8B4A-11D0-8D11-00A0C91BC942}") = "lab2", "lab2\lab2.vcxproj", "{FF54BF3B-83A7-4724-A7BF-F96E5DB6DC7F}"
EndProject
Global
	GlobalSection(SolutionConfigurationPlatforms) = preSolution
		Debug|x64 = Debug|x64
		Debug|x86 = Debug|x86
		Release|x64 = Release|x64
		Release|x86 = Release|x86
	EndGlobalSection
	GlobalSection(ProjectConfigurationPlatforms) = postSolution
		{FF54BF3B-83A7-4724-A7BF-F96E5DB6DC7F}.Debug|x64.ActiveCfg = Debug|x64
		{FF54BF3B-83A7-4724-A7BF-F96E5DB6DC7F}.Debug|x64.Build.0 = Debug|x64
		{FF54BF3B-83A7-4724-A7BF-F96E5DB6DC7F}.Debug|x86.ActiveCfg = Debug|Win32
		{FF54BF3B-83A7-4724-A7BF-F96E5DB6DC7F}.Debug|x86.Build.0 = Debug|Win32
		{FF54BF3B-83A7-4724-A7BF-F96E5DB6DC7F}.Release|x64.ActiveCfg = Release|x64
		{FF54BF3B-83A7-4724-A7BF-F96E5DB6DC7F}.Release|x64.Build.0 = Release|x64
		{FF54BF3B-83A7-4724-A7BF-F96E5DB6DC7F}.Release|x86.ActiveCfg = Release|Win32
		{FF54BF3B-83A7-4724-A7BF-F96E5DB6DC7F}.Release|x86.Build.0 = Release|Win32
	EndGlobalSection
	GlobalSection(SolutionProperties) = preSolution
		HideSolutionNode = FALSE
	EndGlobalSection
	GlobalSection(ExtensibilityGlobals) = postSolution
		SolutionGuid = {7589225B-1670-48C8-9DD8-FE8A0EB2BA60}
	EndGlobalSection
EndGlobal
